// !$*UTF8*$!
{
	archiveVersion = 1;
	classes = {
	};
	objectVersion = 50;
	objects = {

/* Begin PBXBuildFile section */
		21C02BEE207C1073005315A9 /* AppDelegate.swift in Sources */ = {isa = PBXBuildFile; fileRef = 21C02BED207C1073005315A9 /* AppDelegate.swift */; };
		21C02BF0207C1073005315A9 /* ViewController.swift in Sources */ = {isa = PBXBuildFile; fileRef = 21C02BEF207C1073005315A9 /* ViewController.swift */; };
		21C02BF3207C1073005315A9 /* Main.storyboard in Resources */ = {isa = PBXBuildFile; fileRef = 21C02BF1207C1073005315A9 /* Main.storyboard */; };
		21C02BF5207C1074005315A9 /* Assets.xcassets in Resources */ = {isa = PBXBuildFile; fileRef = 21C02BF4207C1074005315A9 /* Assets.xcassets */; };
		21C02BF8207C1074005315A9 /* LaunchScreen.storyboard in Resources */ = {isa = PBXBuildFile; fileRef = 21C02BF6207C1074005315A9 /* LaunchScreen.storyboard */; };
		21C02C03207C1074005315A9 /* StarshipViewerTests.swift in Sources */ = {isa = PBXBuildFile; fileRef = 21C02C02207C1074005315A9 /* StarshipViewerTests.swift */; };
		21C02C0E207C1074005315A9 /* StarshipViewerUITests.swift in Sources */ = {isa = PBXBuildFile; fileRef = 21C02C0D207C1074005315A9 /* StarshipViewerUITests.swift */; };
		21C02C1C207C1116005315A9 /* Starship.swift in Sources */ = {isa = PBXBuildFile; fileRef = 21C02C1B207C1116005315A9 /* Starship.swift */; };
		21C02C1E207C11C1005315A9 /* StarshipTableViewController.swift in Sources */ = {isa = PBXBuildFile; fileRef = 21C02C1D207C11C1005315A9 /* StarshipTableViewController.swift */; };
		21C02C20207C17ED005315A9 /* StarshipTableViewCell.swift in Sources */ = {isa = PBXBuildFile; fileRef = 21C02C1F207C17ED005315A9 /* StarshipTableViewCell.swift */; };
		21C02C22207C1E1C005315A9 /* StarWarsService.swift in Sources */ = {isa = PBXBuildFile; fileRef = 21C02C21207C1E1C005315A9 /* StarWarsService.swift */; };
/* End PBXBuildFile section */

/* Begin PBXContainerItemProxy section */
		21C02BFF207C1074005315A9 /* PBXContainerItemProxy */ = {
			isa = PBXContainerItemProxy;
			containerPortal = 21C02BE2207C1073005315A9 /* Project object */;
			proxyType = 1;
			remoteGlobalIDString = 21C02BE9207C1073005315A9;
			remoteInfo = StarshipViewer;
		};
		21C02C0A207C1074005315A9 /* PBXContainerItemProxy */ = {
			isa = PBXContainerItemProxy;
			containerPortal = 21C02BE2207C1073005315A9 /* Project object */;
			proxyType = 1;
			remoteGlobalIDString = 21C02BE9207C1073005315A9;
			remoteInfo = StarshipViewer;
		};
/* End PBXContainerItemProxy section */

/* Begin PBXFileReference section */
		21C02BEA207C1073005315A9 /* StarshipViewer.app */ = {isa = PBXFileReference; explicitFileType = wrapper.application; includeInIndex = 0; path = StarshipViewer.app; sourceTree = BUILT_PRODUCTS_DIR; };
		21C02BED207C1073005315A9 /* AppDelegate.swift */ = {isa = PBXFileReference; lastKnownFileType = sourcecode.swift; path = AppDelegate.swift; sourceTree = "<group>"; };
		21C02BEF207C1073005315A9 /* ViewController.swift */ = {isa = PBXFileReference; lastKnownFileType = sourcecode.swift; path = ViewController.swift; sourceTree = "<group>"; };
		21C02BF2207C1073005315A9 /* Base */ = {isa = PBXFileReference; lastKnownFileType = file.storyboard; name = Base; path = Base.lproj/Main.storyboard; sourceTree = "<group>"; };
		21C02BF4207C1074005315A9 /* Assets.xcassets */ = {isa = PBXFileReference; lastKnownFileType = folder.assetcatalog; path = Assets.xcassets; sourceTree = "<group>"; };
		21C02BF7207C1074005315A9 /* Base */ = {isa = PBXFileReference; lastKnownFileType = file.storyboard; name = Base; path = Base.lproj/LaunchScreen.storyboard; sourceTree = "<group>"; };
		21C02BF9207C1074005315A9 /* Info.plist */ = {isa = PBXFileReference; lastKnownFileType = text.plist.xml; path = Info.plist; sourceTree = "<group>"; };
		21C02BFE207C1074005315A9 /* StarshipViewerTests.xctest */ = {isa = PBXFileReference; explicitFileType = wrapper.cfbundle; includeInIndex = 0; path = StarshipViewerTests.xctest; sourceTree = BUILT_PRODUCTS_DIR; };
		21C02C02207C1074005315A9 /* StarshipViewerTests.swift */ = {isa = PBXFileReference; lastKnownFileType = sourcecode.swift; path = StarshipViewerTests.swift; sourceTree = "<group>"; };
		21C02C04207C1074005315A9 /* Info.plist */ = {isa = PBXFileReference; lastKnownFileType = text.plist.xml; path = Info.plist; sourceTree = "<group>"; };
		21C02C09207C1074005315A9 /* StarshipViewerUITests.xctest */ = {isa = PBXFileReference; explicitFileType = wrapper.cfbundle; includeInIndex = 0; path = StarshipViewerUITests.xctest; sourceTree = BUILT_PRODUCTS_DIR; };
		21C02C0D207C1074005315A9 /* StarshipViewerUITests.swift */ = {isa = PBXFileReference; lastKnownFileType = sourcecode.swift; path = StarshipViewerUITests.swift; sourceTree = "<group>"; };
		21C02C0F207C1074005315A9 /* Info.plist */ = {isa = PBXFileReference; lastKnownFileType = text.plist.xml; path = Info.plist; sourceTree = "<group>"; };
		21C02C1B207C1116005315A9 /* Starship.swift */ = {isa = PBXFileReference; lastKnownFileType = sourcecode.swift; path = Starship.swift; sourceTree = "<group>"; };
		21C02C1D207C11C1005315A9 /* StarshipTableViewController.swift */ = {isa = PBXFileReference; lastKnownFileType = sourcecode.swift; path = StarshipTableViewController.swift; sourceTree = "<group>"; };
		21C02C1F207C17ED005315A9 /* StarshipTableViewCell.swift */ = {isa = PBXFileReference; lastKnownFileType = sourcecode.swift; path = StarshipTableViewCell.swift; sourceTree = "<group>"; };
		21C02C21207C1E1C005315A9 /* StarWarsService.swift */ = {isa = PBXFileReference; lastKnownFileType = sourcecode.swift; path = StarWarsService.swift; sourceTree = "<group>"; };
/* End PBXFileReference section */

/* Begin PBXFrameworksBuildPhase section */
		21C02BE7207C1073005315A9 /* Frameworks */ = {
			isa = PBXFrameworksBuildPhase;
			buildActionMask = 2147483647;
			files = (
			);
			runOnlyForDeploymentPostprocessing = 0;
		};
		21C02BFB207C1074005315A9 /* Frameworks */ = {
			isa = PBXFrameworksBuildPhase;
			buildActionMask = 2147483647;
			files = (
			);
			runOnlyForDeploymentPostprocessing = 0;
		};
		21C02C06207C1074005315A9 /* Frameworks */ = {
			isa = PBXFrameworksBuildPhase;
			buildActionMask = 2147483647;
			files = (
			);
			runOnlyForDeploymentPostprocessing = 0;
		};
/* End PBXFrameworksBuildPhase section */

/* Begin PBXGroup section */
		21C02BE1207C1073005315A9 = {
			isa = PBXGroup;
			children = (
				21C02BEC207C1073005315A9 /* StarshipViewer */,
				21C02C01207C1074005315A9 /* StarshipViewerTests */,
				21C02C0C207C1074005315A9 /* StarshipViewerUITests */,
				21C02BEB207C1073005315A9 /* Products */,
			);
			sourceTree = "<group>";
		};
		21C02BEB207C1073005315A9 /* Products */ = {
			isa = PBXGroup;
			children = (
				21C02BEA207C1073005315A9 /* StarshipViewer.app */,
				21C02BFE207C1074005315A9 /* StarshipViewerTests.xctest */,
				21C02C09207C1074005315A9 /* StarshipViewerUITests.xctest */,
			);
			name = Products;
			sourceTree = "<group>";
		};
		21C02BEC207C1073005315A9 /* StarshipViewer */ = {
			isa = PBXGroup;
			children = (
				21C02BED207C1073005315A9 /* AppDelegate.swift */,
				21C02BEF207C1073005315A9 /* ViewController.swift */,
				21C02C1B207C1116005315A9 /* Starship.swift */,
				21C02C1D207C11C1005315A9 /* StarshipTableViewController.swift */,
				21C02BF1207C1073005315A9 /* Main.storyboard */,
				21C02C1F207C17ED005315A9 /* StarshipTableViewCell.swift */,
				21C02BF4207C1074005315A9 /* Assets.xcassets */,
				21C02C21207C1E1C005315A9 /* StarWarsService.swift */,
				21C02BF6207C1074005315A9 /* LaunchScreen.storyboard */,
				21C02BF9207C1074005315A9 /* Info.plist */,
			);
			path = StarshipViewer;
			sourceTree = "<group>";
		};
		21C02C01207C1074005315A9 /* StarshipViewerTests */ = {
			isa = PBXGroup;
			children = (
				21C02C02207C1074005315A9 /* StarshipViewerTests.swift */,
				21C02C04207C1074005315A9 /* Info.plist */,
			);
			path = StarshipViewerTests;
			sourceTree = "<group>";
		};
		21C02C0C207C1074005315A9 /* StarshipViewerUITests */ = {
			isa = PBXGroup;
			children = (
				21C02C0D207C1074005315A9 /* StarshipViewerUITests.swift */,
				21C02C0F207C1074005315A9 /* Info.plist */,
			);
			path = StarshipViewerUITests;
			sourceTree = "<group>";
		};
/* End PBXGroup section */

/* Begin PBXNativeTarget section */
		21C02BE9207C1073005315A9 /* StarshipViewer */ = {
			isa = PBXNativeTarget;
			buildConfigurationList = 21C02C12207C1074005315A9 /* Build configuration list for PBXNativeTarget "StarshipViewer" */;
			buildPhases = (
				21C02BE6207C1073005315A9 /* Sources */,
				21C02BE7207C1073005315A9 /* Frameworks */,
				21C02BE8207C1073005315A9 /* Resources */,
			);
			buildRules = (
			);
			dependencies = (
			);
			name = StarshipViewer;
			productName = StarshipViewer;
			productReference = 21C02BEA207C1073005315A9 /* StarshipViewer.app */;
			productType = "com.apple.product-type.application";
		};
		21C02BFD207C1074005315A9 /* StarshipViewerTests */ = {
			isa = PBXNativeTarget;
			buildConfigurationList = 21C02C15207C1074005315A9 /* Build configuration list for PBXNativeTarget "StarshipViewerTests" */;
			buildPhases = (
				21C02BFA207C1074005315A9 /* Sources */,
				21C02BFB207C1074005315A9 /* Frameworks */,
				21C02BFC207C1074005315A9 /* Resources */,
			);
			buildRules = (
			);
			dependencies = (
				21C02C00207C1074005315A9 /* PBXTargetDependency */,
			);
			name = StarshipViewerTests;
			productName = StarshipViewerTests;
			productReference = 21C02BFE207C1074005315A9 /* StarshipViewerTests.xctest */;
			productType = "com.apple.product-type.bundle.unit-test";
		};
		21C02C08207C1074005315A9 /* StarshipViewerUITests */ = {
			isa = PBXNativeTarget;
			buildConfigurationList = 21C02C18207C1074005315A9 /* Build configuration list for PBXNativeTarget "StarshipViewerUITests" */;
			buildPhases = (
				21C02C05207C1074005315A9 /* Sources */,
				21C02C06207C1074005315A9 /* Frameworks */,
				21C02C07207C1074005315A9 /* Resources */,
			);
			buildRules = (
			);
			dependencies = (
				21C02C0B207C1074005315A9 /* PBXTargetDependency */,
			);
			name = StarshipViewerUITests;
			productName = StarshipViewerUITests;
			productReference = 21C02C09207C1074005315A9 /* StarshipViewerUITests.xctest */;
			productType = "com.apple.product-type.bundle.ui-testing";
		};
/* End PBXNativeTarget section */

/* Begin PBXProject section */
		21C02BE2207C1073005315A9 /* Project object */ = {
			isa = PBXProject;
			attributes = {
				LastSwiftUpdateCheck = 0930;
				LastUpgradeCheck = 0930;
				ORGANIZATIONNAME = "Mazlow Cohen";
				TargetAttributes = {
					21C02BE9207C1073005315A9 = {
						CreatedOnToolsVersion = 9.3;
					};
					21C02BFD207C1074005315A9 = {
						CreatedOnToolsVersion = 9.3;
						TestTargetID = 21C02BE9207C1073005315A9;
					};
					21C02C08207C1074005315A9 = {
						CreatedOnToolsVersion = 9.3;
						TestTargetID = 21C02BE9207C1073005315A9;
					};
				};
			};
			buildConfigurationList = 21C02BE5207C1073005315A9 /* Build configuration list for PBXProject "StarshipViewer" */;
			compatibilityVersion = "Xcode 9.3";
			developmentRegion = en;
			hasScannedForEncodings = 0;
			knownRegions = (
				en,
				Base,
			);
			mainGroup = 21C02BE1207C1073005315A9;
			productRefGroup = 21C02BEB207C1073005315A9 /* Products */;
			projectDirPath = "";
			projectRoot = "";
			targets = (
				21C02BE9207C1073005315A9 /* StarshipViewer */,
				21C02BFD207C1074005315A9 /* StarshipViewerTests */,
				21C02C08207C1074005315A9 /* StarshipViewerUITests */,
			);
		};
/* End PBXProject section */

/* Begin PBXResourcesBuildPhase section */
		21C02BE8207C1073005315A9 /* Resources */ = {
			isa = PBXResourcesBuildPhase;
			buildActionMask = 2147483647;
			files = (
				21C02BF8207C1074005315A9 /* LaunchScreen.storyboard in Resources */,
				21C02BF5207C1074005315A9 /* Assets.xcassets in Resources */,
				21C02BF3207C1073005315A9 /* Main.storyboard in Resources */,
			);
			runOnlyForDeploymentPostprocessing = 0;
		};
		21C02BFC207C1074005315A9 /* Resources */ = {
			isa = PBXResourcesBuildPhase;
			buildActionMask = 2147483647;
			files = (
			);
			runOnlyForDeploymentPostprocessing = 0;
		};
		21C02C07207C1074005315A9 /* Resources */ = {
			isa = PBXResourcesBuildPhase;
			buildActionMask = 2147483647;
			files = (
			);
			runOnlyForDeploymentPostprocessing = 0;
		};
/* End PBXResourcesBuildPhase section */

/* Begin PBXSourcesBuildPhase section */
		21C02BE6207C1073005315A9 /* Sources */ = {
			isa = PBXSourcesBuildPhase;
			buildActionMask = 2147483647;
			files = (
				21C02C1C207C1116005315A9 /* Starship.swift in Sources */,
				21C02BF0207C1073005315A9 /* ViewController.swift in Sources */,
				21C02BEE207C1073005315A9 /* AppDelegate.swift in Sources */,
				21C02C1E207C11C1005315A9 /* StarshipTableViewController.swift in Sources */,
				21C02C22207C1E1C005315A9 /* StarWarsService.swift in Sources */,
				21C02C20207C17ED005315A9 /* StarshipTableViewCell.swift in Sources */,
			);
			runOnlyForDeploymentPostprocessing = 0;
		};
		21C02BFA207C1074005315A9 /* Sources */ = {
			isa = PBXSourcesBuildPhase;
			buildActionMask = 2147483647;
			files = (
				21C02C03207C1074005315A9 /* StarshipViewerTests.swift in Sources */,
			);
			runOnlyForDeploymentPostprocessing = 0;
		};
		21C02C05207C1074005315A9 /* Sources */ = {
			isa = PBXSourcesBuildPhase;
			buildActionMask = 2147483647;
			files = (
				21C02C0E207C1074005315A9 /* StarshipViewerUITests.swift in Sources */,
			);
			runOnlyForDeploymentPostprocessing = 0;
		};
/* End PBXSourcesBuildPhase section */

/* Begin PBXTargetDependency section */
		21C02C00207C1074005315A9 /* PBXTargetDependency */ = {
			isa = PBXTargetDependency;
			target = 21C02BE9207C1073005315A9 /* StarshipViewer */;
			targetProxy = 21C02BFF207C1074005315A9 /* PBXContainerItemProxy */;
		};
		21C02C0B207C1074005315A9 /* PBXTargetDependency */ = {
			isa = PBXTargetDependency;
			target = 21C02BE9207C1073005315A9 /* StarshipViewer */;
			targetProxy = 21C02C0A207C1074005315A9 /* PBXContainerItemProxy */;
		};
/* End PBXTargetDependency section */

/* Begin PBXVariantGroup section */
		21C02BF1207C1073005315A9 /* Main.storyboard */ = {
			isa = PBXVariantGroup;
			children = (
				21C02BF2207C1073005315A9 /* Base */,
			);
			name = Main.storyboard;
			sourceTree = "<group>";
		};
		21C02BF6207C1074005315A9 /* LaunchScreen.storyboard */ = {
			isa = PBXVariantGroup;
			children = (
				21C02BF7207C1074005315A9 /* Base */,
			);
			name = LaunchScreen.storyboard;
			sourceTree = "<group>";
		};
/* End PBXVariantGroup section */

/* Begin XCBuildConfiguration section */
		21C02C10207C1074005315A9 /* Debug */ = {
			isa = XCBuildConfiguration;
			buildSettings = {
				ALWAYS_SEARCH_USER_PATHS = NO;
				CLANG_ANALYZER_NONNULL = YES;
				CLANG_ANALYZER_NUMBER_OBJECT_CONVERSION = YES_AGGRESSIVE;
				CLANG_CXX_LANGUAGE_STANDARD = "gnu++14";
				CLANG_CXX_LIBRARY = "libc++";
				CLANG_ENABLE_MODULES = YES;
				CLANG_ENABLE_OBJC_ARC = YES;
				CLANG_ENABLE_OBJC_WEAK = YES;
				CLANG_WARN_BLOCK_CAPTURE_AUTORELEASING = YES;
				CLANG_WARN_BOOL_CONVERSION = YES;
				CLANG_WARN_COMMA = YES;
				CLANG_WARN_CONSTANT_CONVERSION = YES;
				CLANG_WARN_DEPRECATED_OBJC_IMPLEMENTATIONS = YES;
				CLANG_WARN_DIRECT_OBJC_ISA_USAGE = YES_ERROR;
				CLANG_WARN_DOCUMENTATION_COMMENTS = YES;
				CLANG_WARN_EMPTY_BODY = YES;
				CLANG_WARN_ENUM_CONVERSION = YES;
				CLANG_WARN_INFINITE_RECURSION = YES;
				CLANG_WARN_INT_CONVERSION = YES;
				CLANG_WARN_NON_LITERAL_NULL_CONVERSION = YES;
				CLANG_WARN_OBJC_IMPLICIT_RETAIN_SELF = YES;
				CLANG_WARN_OBJC_LITERAL_CONVERSION = YES;
				CLANG_WARN_OBJC_ROOT_CLASS = YES_ERROR;
				CLANG_WARN_RANGE_LOOP_ANALYSIS = YES;
				CLANG_WARN_STRICT_PROTOTYPES = YES;
				CLANG_WARN_SUSPICIOUS_MOVE = YES;
				CLANG_WARN_UNGUARDED_AVAILABILITY = YES_AGGRESSIVE;
				CLANG_WARN_UNREACHABLE_CODE = YES;
				CLANG_WARN__DUPLICATE_METHOD_MATCH = YES;
				CODE_SIGN_IDENTITY = "iPhone Developer";
				COPY_PHASE_STRIP = NO;
				DEBUG_INFORMATION_FORMAT = dwarf;
				ENABLE_STRICT_OBJC_MSGSEND = YES;
				ENABLE_TESTABILITY = YES;
				GCC_C_LANGUAGE_STANDARD = gnu11;
				GCC_DYNAMIC_NO_PIC = NO;
				GCC_NO_COMMON_BLOCKS = YES;
				GCC_OPTIMIZATION_LEVEL = 0;
				GCC_PREPROCESSOR_DEFINITIONS = (
					"DEBUG=1",
					"$(inherited)",
				);
				GCC_WARN_64_TO_32_BIT_CONVERSION = YES;
				GCC_WARN_ABOUT_RETURN_TYPE = YES_ERROR;
				GCC_WARN_UNDECLARED_SELECTOR = YES;
				GCC_WARN_UNINITIALIZED_AUTOS = YES_AGGRESSIVE;
				GCC_WARN_UNUSED_FUNCTION = YES;
				GCC_WARN_UNUSED_VARIABLE = YES;
				IPHONEOS_DEPLOYMENT_TARGET = 11.3;
				MTL_ENABLE_DEBUG_INFO = YES;
				ONLY_ACTIVE_ARCH = YES;
				SDKROOT = iphoneos;
				SWIFT_ACTIVE_COMPILATION_CONDITIONS = DEBUG;
				SWIFT_OPTIMIZATION_LEVEL = "-Onone";
			};
			name = Debug;
		};
		21C02C11207C1074005315A9 /* Release */ = {
			isa = XCBuildConfiguration;
			buildSettings = {
				ALWAYS_SEARCH_USER_PATHS = NO;
				CLANG_ANALYZER_NONNULL = YES;
				CLANG_ANALYZER_NUMBER_OBJECT_CONVERSION = YES_AGGRESSIVE;
				CLANG_CXX_LANGUAGE_STANDARD = "gnu++14";
				CLANG_CXX_LIBRARY = "libc++";
				CLANG_ENABLE_MODULES = YES;
				CLANG_ENABLE_OBJC_ARC = YES;
				CLANG_ENABLE_OBJC_WEAK = YES;
				CLANG_WARN_BLOCK_CAPTURE_AUTORELEASING = YES;
				CLANG_WARN_BOOL_CONVERSION = YES;
				CLANG_WARN_COMMA = YES;
				CLANG_WARN_CONSTANT_CONVERSION = YES;
				CLANG_WARN_DEPRECATED_OBJC_IMPLEMENTATIONS = YES;
				CLANG_WARN_DIRECT_OBJC_ISA_USAGE = YES_ERROR;
				CLANG_WARN_DOCUMENTATION_COMMENTS = YES;
				CLANG_WARN_EMPTY_BODY = YES;
				CLANG_WARN_ENUM_CONVERSION = YES;
				CLANG_WARN_INFINITE_RECURSION = YES;
				CLANG_WARN_INT_CONVERSION = YES;
				CLANG_WARN_NON_LITERAL_NULL_CONVERSION = YES;
				CLANG_WARN_OBJC_IMPLICIT_RETAIN_SELF = YES;
				CLANG_WARN_OBJC_LITERAL_CONVERSION = YES;
				CLANG_WARN_OBJC_ROOT_CLASS = YES_ERROR;
				CLANG_WARN_RANGE_LOOP_ANALYSIS = YES;
				CLANG_WARN_STRICT_PROTOTYPES = YES;
				CLANG_WARN_SUSPICIOUS_MOVE = YES;
				CLANG_WARN_UNGUARDED_AVAILABILITY = YES_AGGRESSIVE;
				CLANG_WARN_UNREACHABLE_CODE = YES;
				CLANG_WARN__DUPLICATE_METHOD_MATCH = YES;
				CODE_SIGN_IDENTITY = "iPhone Developer";
				COPY_PHASE_STRIP = NO;
				DEBUG_INFORMATION_FORMAT = "dwarf-with-dsym";
				ENABLE_NS_ASSERTIONS = NO;
				ENABLE_STRICT_OBJC_MSGSEND = YES;
				GCC_C_LANGUAGE_STANDARD = gnu11;
				GCC_NO_COMMON_BLOCKS = YES;
				GCC_WARN_64_TO_32_BIT_CONVERSION = YES;
				GCC_WARN_ABOUT_RETURN_TYPE = YES_ERROR;
				GCC_WARN_UNDECLARED_SELECTOR = YES;
				GCC_WARN_UNINITIALIZED_AUTOS = YES_AGGRESSIVE;
				GCC_WARN_UNUSED_FUNCTION = YES;
				GCC_WARN_UNUSED_VARIABLE = YES;
				IPHONEOS_DEPLOYMENT_TARGET = 11.3;
				MTL_ENABLE_DEBUG_INFO = NO;
				SDKROOT = iphoneos;
				SWIFT_COMPILATION_MODE = wholemodule;
				SWIFT_OPTIMIZATION_LEVEL = "-O";
				VALIDATE_PRODUCT = YES;
			};
			name = Release;
		};
		21C02C13207C1074005315A9 /* Debug */ = {
			isa = XCBuildConfiguration;
			buildSettings = {
				ASSETCATALOG_COMPILER_APPICON_NAME = AppIcon;
				CODE_SIGN_IDENTITY = "iPhone Developer";
				CODE_SIGN_STYLE = Automatic;
				DEVELOPMENT_TEAM = 8FP7S844SB;
				INFOPLIST_FILE = StarshipViewer/Info.plist;
				LD_RUNPATH_SEARCH_PATHS = (
					"$(inherited)",
					"@executable_path/Frameworks",
				);
				PRODUCT_BUNDLE_IDENTIFIER = com.maz.StarshipViewer;
				PRODUCT_NAME = "$(TARGET_NAME)";
				PROVISIONING_PROFILE_SPECIFIER = "";
				SWIFT_VERSION = 4.0;
				TARGETED_DEVICE_FAMILY = "1,2";
			};
			name = Debug;
		};
		21C02C14207C1074005315A9 /* Release */ = {
			isa = XCBuildConfiguration;
			buildSettings = {
				ASSETCATALOG_COMPILER_APPICON_NAME = AppIcon;
				CODE_SIGN_IDENTITY = "iPhone Developer";
				CODE_SIGN_STYLE = Automatic;
				DEVELOPMENT_TEAM = 8FP7S844SB;
				INFOPLIST_FILE = StarshipViewer/Info.plist;
				LD_RUNPATH_SEARCH_PATHS = (
					"$(inherited)",
					"@executable_path/Frameworks",
				);
				PRODUCT_BUNDLE_IDENTIFIER = com.maz.StarshipViewer;
				PRODUCT_NAME = "$(TARGET_NAME)";
				PROVISIONING_PROFILE_SPECIFIER = "";
				SWIFT_VERSION = 4.0;
				TARGETED_DEVICE_FAMILY = "1,2";
			};
			name = Release;
		};
		21C02C16207C1074005315A9 /* Debug */ = {
			isa = XCBuildConfiguration;
			buildSettings = {
				ALWAYS_EMBED_SWIFT_STANDARD_LIBRARIES = YES;
				BUNDLE_LOADER = "$(TEST_HOST)";
				CODE_SIGN_STYLE = Automatic;
				DEVELOPMENT_TEAM = 8FP7S844SB;
				INFOPLIST_FILE = StarshipViewerTests/Info.plist;
				LD_RUNPATH_SEARCH_PATHS = (
					"$(inherited)",
					"@executable_path/Frameworks",
					"@loader_path/Frameworks",
				);
				PRODUCT_BUNDLE_IDENTIFIER = com.maz.StarshipViewerTests;
				PRODUCT_NAME = "$(TARGET_NAME)";
				SWIFT_VERSION = 4.0;
				TARGETED_DEVICE_FAMILY = "1,2";
				TEST_HOST = "$(BUILT_PRODUCTS_DIR)/StarshipViewer.app/StarshipViewer";
			};
			name = Debug;
		};
		21C02C17207C1074005315A9 /* Release */ = {
			isa = XCBuildConfiguration;
			buildSettings = {
				ALWAYS_EMBED_SWIFT_STANDARD_LIBRARIES = YES;
				BUNDLE_LOADER = "$(TEST_HOST)";
				CODE_SIGN_STYLE = Automatic;
				DEVELOPMENT_TEAM = 8FP7S844SB;
				INFOPLIST_FILE = StarshipViewerTests/Info.plist;
				LD_RUNPATH_SEARCH_PATHS = (
					"$(inherited)",
					"@executable_path/Frameworks",
					"@loader_path/Frameworks",
				);
				PRODUCT_BUNDLE_IDENTIFIER = com.maz.StarshipViewerTests;
				PRODUCT_NAME = "$(TARGET_NAME)";
				SWIFT_VERSION = 4.0;
				TARGETED_DEVICE_FAMILY = "1,2";
				TEST_HOST = "$(BUILT_PRODUCTS_DIR)/StarshipViewer.app/StarshipViewer";
			};
			name = Release;
		};
		21C02C19207C1074005315A9 /* Debug */ = {
			isa = XCBuildConfiguration;
			buildSettings = {
				ALWAYS_EMBED_SWIFT_STANDARD_LIBRARIES = YES;
				CODE_SIGN_STYLE = Automatic;
				DEVELOPMENT_TEAM = 8FP7S844SB;
				INFOPLIST_FILE = StarshipViewerUITests/Info.plist;
				LD_RUNPATH_SEARCH_PATHS = (
					"$(inherited)",
					"@executable_path/Frameworks",
					"@loader_path/Frameworks",
				);
				PRODUCT_BUNDLE_IDENTIFIER = com.maz.StarshipViewerUITests;
				PRODUCT_NAME = "$(TARGET_NAME)";
				SWIFT_VERSION = 4.0;
				TARGETED_DEVICE_FAMILY = "1,2";
				TEST_TARGET_NAME = StarshipViewer;
			};
			name = Debug;
		};
		21C02C1A207C1074005315A9 /* Release */ = {
			isa = XCBuildConfiguration;
			buildSettings = {
				ALWAYS_EMBED_SWIFT_STANDARD_LIBRARIES = YES;
				CODE_SIGN_STYLE = Automatic;
				DEVELOPMENT_TEAM = 8FP7S844SB;
				INFOPLIST_FILE = StarshipViewerUITests/Info.plist;
				LD_RUNPATH_SEARCH_PATHS = (
					"$(inherited)",
					"@executable_path/Frameworks",
					"@loader_path/Frameworks",
				);
				PRODUCT_BUNDLE_IDENTIFIER = com.maz.StarshipViewerUITests;
				PRODUCT_NAME = "$(TARGET_NAME)";
				SWIFT_VERSION = 4.0;
				TARGETED_DEVICE_FAMILY = "1,2";
				TEST_TARGET_NAME = StarshipViewer;
			};
			name = Release;
		};
/* End XCBuildConfiguration section */

/* Begin XCConfigurationList section */
		21C02BE5207C1073005315A9 /* Build configuration list for PBXProject "StarshipViewer" */ = {
			isa = XCConfigurationList;
			buildConfigurations = (
				21C02C10207C1074005315A9 /* Debug */,
				21C02C11207C1074005315A9 /* Release */,
			);
			defaultConfigurationIsVisible = 0;
			defaultConfigurationName = Release;
		};
		21C02C12207C1074005315A9 /* Build configuration list for PBXNativeTarget "StarshipViewer" */ = {
			isa = XCConfigurationList;
			buildConfigurations = (
				21C02C13207C1074005315A9 /* Debug */,
				21C02C14207C1074005315A9 /* Release */,
			);
			defaultConfigurationIsVisible = 0;
			defaultConfigurationName = Release;
		};
		21C02C15207C1074005315A9 /* Build configuration list for PBXNativeTarget "StarshipViewerTests" */ = {
			isa = XCConfigurationList;
			buildConfigurations = (
				21C02C16207C1074005315A9 /* Debug */,
				21C02C17207C1074005315A9 /* Release */,
			);
			defaultConfigurationIsVisible = 0;
			defaultConfigurationName = Release;
		};
		21C02C18207C1074005315A9 /* Build configuration list for PBXNativeTarget "StarshipViewerUITests" */ = {
			isa = XCConfigurationList;
			buildConfigurations = (
				21C02C19207C1074005315A9 /* Debug */,
				21C02C1A207C1074005315A9 /* Release */,
			);
			defaultConfigurationIsVisible = 0;
			defaultConfigurationName = Release;
		};
/* End XCConfigurationList section */
	};
	rootObject = 21C02BE2207C1073005315A9 /* Project object */;
}
